{
  "nodes": {
    "logos-cpp-sdk": {
      "inputs": {
        "nixpkgs": "nixpkgs"
      },
      "locked": {
        "lastModified": 1767724329,
        "narHash": "sha256-UPkqxqxbKwU5Dmu00TnjiJVXUmfVylF3p1qziEuYwIE=",
        "owner": "logos-co",
        "repo": "logos-cpp-sdk",
        "rev": "32f1d7080d784ff044d91d076ef2f0c7305d4784",
        "type": "github"
      },
      "original": {
        "owner": "logos-co",
        "repo": "logos-cpp-sdk",
        "type": "github"
      }
    },
    "nixpkgs": {
      "locked": {
        "lastModified": 1759036355,
        "narHash": "sha256-0m27AKv6ka+q270dw48KflE0LwQYrO7Fm4/2//KCVWg=",
        "owner": "NixOS",
        "repo": "nixpkgs",
        "rev": "e9f00bd893984bc8ce46c895c3bf7cac95331127",
        "type": "github"
      },
      "original": {
        "owner": "NixOS",
        "ref": "nixos-unstable",
        "repo": "nixpkgs",
        "type": "github"
      }
    },
    "root": {
      "inputs": {
        "logos-cpp-sdk": "logos-cpp-sdk",
        "nixpkgs": [
          "logos-cpp-sdk",
          "nixpkgs"
        ]
      }
    }
  },
  "root": "root",
  "version": 7
}
