{
  "nodes": {
    "logos-cpp-sdk": {
      "inputs": {
        "nixpkgs": "nixpkgs"
      },
      "locked": {
        "lastModified": 1773672219,
        "narHash": "sha256-p+kv2WHokT40rScnSFSIDp/EeFLaDUsTHW6QT6ejKuc=",
        "owner": "logos-co",
        "repo": "logos-cpp-sdk",
        "rev": "a4bd66cd6eb04ee7140bb940b1d49d72d60248de",
        "type": "github"
      },
      "original": {
        "owner": "logos-co",
        "repo": "logos-cpp-sdk",
        "type": "github"
      }
    },
    "nixpkgs": {
      "locked": {
        "lastModified": 1759036355,
        "narHash": "sha256-0m27AKv6ka+q270dw48KflE0LwQYrO7Fm4/2//KCVWg=",
        "owner": "NixOS",
        "repo": "nixpkgs",
        "rev": "e9f00bd893984bc8ce46c895c3bf7cac95331127",
        "type": "github"
      },
      "original": {
        "owner": "NixOS",
        "ref": "nixos-unstable",
        "repo": "nixpkgs",
        "type": "github"
      }
    },
    "root": {
      "inputs": {
        "logos-cpp-sdk": "logos-cpp-sdk",
        "nixpkgs": [
          "logos-cpp-sdk",
          "nixpkgs"
        ]
      }
    }
  },
  "root": "root",
  "version": 7
}
